
Microsoft Visual Studio Solution File, Format Version 12.00
# Visual Studio Version 17
VisualStudioVersion = 17.14.36301.6 d17.14
MinimumVisualStudioVersion = 10.0.40219.1
Project("{FAE04EC0-301F-11D3-BF4B-00C04F79EFBC}") = "Assignments 2.2.3", "Assignments 2.2.3.csproj", "{C8304DF0-6F15-4C29-87F9-317E2C8EEF24}"
EndProject
Global
	GlobalSection(SolutionConfigurationPlatforms) = preSolution
		Debug|Any CPU = Debug|Any CPU
		Release|Any CPU = Release|Any CPU
	EndGlobalSection
	GlobalSection(ProjectConfigurationPlatforms) = postSolution
		{C8304DF0-6F15-4C29-87F9-317E2C8EEF24}.Debug|Any CPU.ActiveCfg = Debug|Any CPU
		{C8304DF0-6F15-4C29-87F9-317E2C8EEF24}.Debug|Any CPU.Build.0 = Debug|Any CPU
		{C8304DF0-6F15-4C29-87F9-317E2C8EEF24}.Release|Any CPU.ActiveCfg = Release|Any CPU
		{C8304DF0-6F15-4C29-87F9-317E2C8EEF24}.Release|Any CPU.Build.0 = Release|Any CPU
	EndGlobalSection
	GlobalSection(SolutionProperties) = preSolution
		HideSolutionNode = FALSE
	EndGlobalSection
	GlobalSection(ExtensibilityGlobals) = postSolution
		SolutionGuid = {0000FDE0-5AA3-4117-AE4B-8C56650589F2}
	EndGlobalSection
EndGlobal
